
Microsoft Visual Studio Solution File, Format Version 12.00
# Visual Studio 2013
VisualStudioVersion = 12.0.30723.0
MinimumVisualStudioVersion = 10.0.40219.1
Project("{2150E333-8FDC-42A3-9474-1A3956D46DE8}") = "DSS2014.Client", "DSS2014.Client", "{DC5B4553-A9BF-4B82-8272-246ED5B3BF9B}"
EndProject
Project("{D954291E-2A0B-460D-934E-DC6B0785DB48}") = "DSS2014.Client.Shared", "DSS2014.Client\DSS2014.Client.Shared\DSS2014.Client.Shared.shproj", "{A2003378-5B5A-43EA-8BCC-B89352B84839}"
EndProject
Project("{FAE04EC0-301F-11D3-BF4B-00C04F79EFBC}") = "DSS2014.Client.Windows", "DSS2014.Client\DSS2014.Client.Windows\DSS2014.Client.Windows.csproj", "{3662DDB6-25FE-4C98-B452-6164884980B9}"
EndProject
Project("{FAE04EC0-301F-11D3-BF4B-00C04F79EFBC}") = "DSS2014.Client.WindowsPhone", "DSS2014.Client\DSS2014.Client.WindowsPhone\DSS2014.Client.WindowsPhone.csproj", "{C9152D62-25E3-47A0-BB1F-B8DC9814D2D0}"
EndProject
Project("{FAE04EC0-301F-11D3-BF4B-00C04F79EFBC}") = "DSS2014.Client.Portable", "DSS2014.Client.Portable\DSS2014.Client.Portable.csproj", "{591C73C9-4FCB-40AE-9E91-AD5C92FB96A9}"
EndProject
Project("{FAE04EC0-301F-11D3-BF4B-00C04F79EFBC}") = "DSS2014.Client.Portable.Tests", "DSS2014.Client.Portable.Tests\DSS2014.Client.Portable.Tests.csproj", "{F9EA3A75-9520-4C75-AA0F-AF3A65DF0C62}"
EndProject
Global
	GlobalSection(SharedMSBuildProjectFiles) = preSolution
		DSS2014.Client\DSS2014.Client.Shared\DSS2014.Client.Shared.projitems*{a2003378-5b5a-43ea-8bcc-b89352b84839}*SharedItemsImports = 13
		DSS2014.Client\DSS2014.Client.Shared\DSS2014.Client.Shared.projitems*{c9152d62-25e3-47a0-bb1f-b8dc9814d2d0}*SharedItemsImports = 4
		DSS2014.Client\DSS2014.Client.Shared\DSS2014.Client.Shared.projitems*{3662ddb6-25fe-4c98-b452-6164884980b9}*SharedItemsImports = 4
	EndGlobalSection
	GlobalSection(SolutionConfigurationPlatforms) = preSolution
		Ad-Hoc|Any CPU = Ad-Hoc|Any CPU
		Ad-Hoc|ARM = Ad-Hoc|ARM
		Ad-Hoc|iPhone = Ad-Hoc|iPhone
		Ad-Hoc|iPhoneSimulator = Ad-Hoc|iPhoneSimulator
		Ad-Hoc|Mixed Platforms = Ad-Hoc|Mixed Platforms
		Ad-Hoc|x64 = Ad-Hoc|x64
		Ad-Hoc|x86 = Ad-Hoc|x86
		AppStore|Any CPU = AppStore|Any CPU
		AppStore|ARM = AppStore|ARM
		AppStore|iPhone = AppStore|iPhone
		AppStore|iPhoneSimulator = AppStore|iPhoneSimulator
		AppStore|Mixed Platforms = AppStore|Mixed Platforms
		AppStore|x64 = AppStore|x64
		AppStore|x86 = AppStore|x86
		Debug|Any CPU = Debug|Any CPU
		Debug|ARM = Debug|ARM
		Debug|iPhone = Debug|iPhone
		Debug|iPhoneSimulator = Debug|iPhoneSimulator
		Debug|Mixed Platforms = Debug|Mixed Platforms
		Debug|x64 = Debug|x64
		Debug|x86 = Debug|x86
		Release|Any CPU = Release|Any CPU
		Release|ARM = Release|ARM
		Release|iPhone = Release|iPhone
		Release|iPhoneSimulator = Release|iPhoneSimulator
		Release|Mixed Platforms = Release|Mixed Platforms
		Release|x64 = Release|x64
		Release|x86 = Release|x86
	EndGlobalSection
	GlobalSection(ProjectConfigurationPlatforms) = postSolution
		{3662DDB6-25FE-4C98-B452-6164884980B9}.Ad-Hoc|Any CPU.ActiveCfg = Release|Any CPU
		{3662DDB6-25FE-4C98-B452-6164884980B9}.Ad-Hoc|Any CPU.Build.0 = Release|Any CPU
		{3662DDB6-25FE-4C98-B452-6164884980B9}.Ad-Hoc|Any CPU.Deploy.0 = Release|Any CPU
		{3662DDB6-25FE-4C98-B452-6164884980B9}.Ad-Hoc|ARM.ActiveCfg = Release|ARM
		{3662DDB6-25FE-4C98-B452-6164884980B9}.Ad-Hoc|ARM.Build.0 = Release|ARM
		{3662DDB6-25FE-4C98-B452-6164884980B9}.Ad-Hoc|ARM.Deploy.0 = Release|ARM
		{3662DDB6-25FE-4C98-B452-6164884980B9}.Ad-Hoc|iPhone.ActiveCfg = Release|Any CPU
		{3662DDB6-25FE-4C98-B452-6164884980B9}.Ad-Hoc|iPhoneSimulator.ActiveCfg = Release|Any CPU
		{3662DDB6-25FE-4C98-B452-6164884980B9}.Ad-Hoc|Mixed Platforms.ActiveCfg = Release|x86
		{3662DDB6-25FE-4C98-B452-6164884980B9}.Ad-Hoc|Mixed Platforms.Build.0 = Release|x86
		{3662DDB6-25FE-4C98-B452-6164884980B9}.Ad-Hoc|Mixed Platforms.Deploy.0 = Release|x86
		{3662DDB6-25FE-4C98-B452-6164884980B9}.Ad-Hoc|x64.ActiveCfg = Release|x64
		{3662DDB6-25FE-4C98-B452-6164884980B9}.Ad-Hoc|x64.Build.0 = Release|x64
		{3662DDB6-25FE-4C98-B452-6164884980B9}.Ad-Hoc|x64.Deploy.0 = Release|x64
		{3662DDB6-25FE-4C98-B452-6164884980B9}.Ad-Hoc|x86.ActiveCfg = Release|x86
		{3662DDB6-25FE-4C98-B452-6164884980B9}.Ad-Hoc|x86.Build.0 = Release|x86
		{3662DDB6-25FE-4C98-B452-6164884980B9}.Ad-Hoc|x86.Deploy.0 = Release|x86
		{3662DDB6-25FE-4C98-B452-6164884980B9}.AppStore|Any CPU.ActiveCfg = Release|Any CPU
		{3662DDB6-25FE-4C98-B452-6164884980B9}.AppStore|Any CPU.Build.0 = Release|Any CPU
		{3662DDB6-25FE-4C98-B452-6164884980B9}.AppStore|Any CPU.Deploy.0 = Release|Any CPU
		{3662DDB6-25FE-4C98-B452-6164884980B9}.AppStore|ARM.ActiveCfg = Release|ARM
		{3662DDB6-25FE-4C98-B452-6164884980B9}.AppStore|ARM.Build.0 = Release|ARM
		{3662DDB6-25FE-4C98-B452-6164884980B9}.AppStore|ARM.Deploy.0 = Release|ARM
		{3662DDB6-25FE-4C98-B452-6164884980B9}.AppStore|iPhone.ActiveCfg = Release|Any CPU
		{3662DDB6-25FE-4C98-B452-6164884980B9}.AppStore|iPhoneSimulator.ActiveCfg = Release|Any CPU
		{3662DDB6-25FE-4C98-B452-6164884980B9}.AppStore|Mixed Platforms.ActiveCfg = Release|x86
		{3662DDB6-25FE-4C98-B452-6164884980B9}.AppStore|Mixed Platforms.Build.0 = Release|x86
		{3662DDB6-25FE-4C98-B452-6164884980B9}.AppStore|Mixed Platforms.Deploy.0 = Release|x86
		{3662DDB6-25FE-4C98-B452-6164884980B9}.AppStore|x64.ActiveCfg = Release|x64
		{3662DDB6-25FE-4C98-B452-6164884980B9}.AppStore|x64.Build.0 = Release|x64
		{3662DDB6-25FE-4C98-B452-6164884980B9}.AppStore|x64.Deploy.0 = Release|x64
		{3662DDB6-25FE-4C98-B452-6164884980B9}.AppStore|x86.ActiveCfg = Release|x86
		{3662DDB6-25FE-4C98-B452-6164884980B9}.AppStore|x86.Build.0 = Release|x86
		{3662DDB6-25FE-4C98-B452-6164884980B9}.AppStore|x86.Deploy.0 = Release|x86
		{3662DDB6-25FE-4C98-B452-6164884980B9}.Debug|Any CPU.ActiveCfg = Debug|Any CPU
		{3662DDB6-25FE-4C98-B452-6164884980B9}.Debug|Any CPU.Build.0 = Debug|Any CPU
		{3662DDB6-25FE-4C98-B452-6164884980B9}.Debug|Any CPU.Deploy.0 = Debug|Any CPU
		{3662DDB6-25FE-4C98-B452-6164884980B9}.Debug|ARM.ActiveCfg = Debug|ARM
		{3662DDB6-25FE-4C98-B452-6164884980B9}.Debug|ARM.Build.0 = Debug|ARM
		{3662DDB6-25FE-4C98-B452-6164884980B9}.Debug|ARM.Deploy.0 = Debug|ARM
		{3662DDB6-25FE-4C98-B452-6164884980B9}.Debug|iPhone.ActiveCfg = Debug|Any CPU
		{3662DDB6-25FE-4C98-B452-6164884980B9}.Debug|iPhoneSimulator.ActiveCfg = Debug|Any CPU
		{3662DDB6-25FE-4C98-B452-6164884980B9}.Debug|Mixed Platforms.ActiveCfg = Debug|x86
		{3662DDB6-25FE-4C98-B452-6164884980B9}.Debug|Mixed Platforms.Build.0 = Debug|x86
		{3662DDB6-25FE-4C98-B452-6164884980B9}.Debug|Mixed Platforms.Deploy.0 = Debug|x86
		{3662DDB6-25FE-4C98-B452-6164884980B9}.Debug|x64.ActiveCfg = Debug|x64
		{3662DDB6-25FE-4C98-B452-6164884980B9}.Debug|x64.Build.0 = Debug|x64
		{3662DDB6-25FE-4C98-B452-6164884980B9}.Debug|x64.Deploy.0 = Debug|x64
		{3662DDB6-25FE-4C98-B452-6164884980B9}.Debug|x86.ActiveCfg = Debug|x86
		{3662DDB6-25FE-4C98-B452-6164884980B9}.Debug|x86.Build.0 = Debug|x86
		{3662DDB6-25FE-4C98-B452-6164884980B9}.Debug|x86.Deploy.0 = Debug|x86
		{3662DDB6-25FE-4C98-B452-6164884980B9}.Release|Any CPU.ActiveCfg = Release|Any CPU
		{3662DDB6-25FE-4C98-B452-6164884980B9}.Release|Any CPU.Build.0 = Release|Any CPU
		{3662DDB6-25FE-4C98-B452-6164884980B9}.Release|Any CPU.Deploy.0 = Release|Any CPU
		{3662DDB6-25FE-4C98-B452-6164884980B9}.Release|ARM.ActiveCfg = Release|ARM
		{3662DDB6-25FE-4C98-B452-6164884980B9}.Release|ARM.Build.0 = Release|ARM
		{3662DDB6-25FE-4C98-B452-6164884980B9}.Release|ARM.Deploy.0 = Release|ARM
		{3662DDB6-25FE-4C98-B452-6164884980B9}.Release|iPhone.ActiveCfg = Release|Any CPU
		{3662DDB6-25FE-4C98-B452-6164884980B9}.Release|iPhoneSimulator.ActiveCfg = Release|Any CPU
		{3662DDB6-25FE-4C98-B452-6164884980B9}.Release|Mixed Platforms.ActiveCfg = Release|x86
		{3662DDB6-25FE-4C98-B452-6164884980B9}.Release|Mixed Platforms.Build.0 = Release|x86
		{3662DDB6-25FE-4C98-B452-6164884980B9}.Release|Mixed Platforms.Deploy.0 = Release|x86
		{3662DDB6-25FE-4C98-B452-6164884980B9}.Release|x64.ActiveCfg = Release|x64
		{3662DDB6-25FE-4C98-B452-6164884980B9}.Release|x64.Build.0 = Release|x64
		{3662DDB6-25FE-4C98-B452-6164884980B9}.Release|x64.Deploy.0 = Release|x64
		{3662DDB6-25FE-4C98-B452-6164884980B9}.Release|x86.ActiveCfg = Release|x86
		{3662DDB6-25FE-4C98-B452-6164884980B9}.Release|x86.Build.0 = Release|x86
		{3662DDB6-25FE-4C98-B452-6164884980B9}.Release|x86.Deploy.0 = Release|x86
		{C9152D62-25E3-47A0-BB1F-B8DC9814D2D0}.Ad-Hoc|Any CPU.ActiveCfg = Release|Any CPU
		{C9152D62-25E3-47A0-BB1F-B8DC9814D2D0}.Ad-Hoc|Any CPU.Build.0 = Release|Any CPU
		{C9152D62-25E3-47A0-BB1F-B8DC9814D2D0}.Ad-Hoc|Any CPU.Deploy.0 = Release|Any CPU
		{C9152D62-25E3-47A0-BB1F-B8DC9814D2D0}.Ad-Hoc|ARM.ActiveCfg = Release|ARM
		{C9152D62-25E3-47A0-BB1F-B8DC9814D2D0}.Ad-Hoc|ARM.Build.0 = Release|ARM
		{C9152D62-25E3-47A0-BB1F-B8DC9814D2D0}.Ad-Hoc|ARM.Deploy.0 = Release|ARM
		{C9152D62-25E3-47A0-BB1F-B8DC9814D2D0}.Ad-Hoc|iPhone.ActiveCfg = Release|Any CPU
		{C9152D62-25E3-47A0-BB1F-B8DC9814D2D0}.Ad-Hoc|iPhoneSimulator.ActiveCfg = Release|Any CPU
		{C9152D62-25E3-47A0-BB1F-B8DC9814D2D0}.Ad-Hoc|Mixed Platforms.ActiveCfg = Release|x86
		{C9152D62-25E3-47A0-BB1F-B8DC9814D2D0}.Ad-Hoc|Mixed Platforms.Build.0 = Release|x86
		{C9152D62-25E3-47A0-BB1F-B8DC9814D2D0}.Ad-Hoc|Mixed Platforms.Deploy.0 = Release|x86
		{C9152D62-25E3-47A0-BB1F-B8DC9814D2D0}.Ad-Hoc|x64.ActiveCfg = Release|Any CPU
		{C9152D62-25E3-47A0-BB1F-B8DC9814D2D0}.Ad-Hoc|x86.ActiveCfg = Release|x86
		{C9152D62-25E3-47A0-BB1F-B8DC9814D2D0}.Ad-Hoc|x86.Build.0 = Release|x86
		{C9152D62-25E3-47A0-BB1F-B8DC9814D2D0}.Ad-Hoc|x86.Deploy.0 = Release|x86
		{C9152D62-25E3-47A0-BB1F-B8DC9814D2D0}.AppStore|Any CPU.ActiveCfg = Release|Any CPU
		{C9152D62-25E3-47A0-BB1F-B8DC9814D2D0}.AppStore|Any CPU.Build.0 = Release|Any CPU
		{C9152D62-25E3-47A0-BB1F-B8DC9814D2D0}.AppStore|Any CPU.Deploy.0 = Release|Any CPU
		{C9152D62-25E3-47A0-BB1F-B8DC9814D2D0}.AppStore|ARM.ActiveCfg = Release|ARM
		{C9152D62-25E3-47A0-BB1F-B8DC9814D2D0}.AppStore|ARM.Build.0 = Release|ARM
		{C9152D62-25E3-47A0-BB1F-B8DC9814D2D0}.AppStore|ARM.Deploy.0 = Release|ARM
		{C9152D62-25E3-47A0-BB1F-B8DC9814D2D0}.AppStore|iPhone.ActiveCfg = Release|Any CPU
		{C9152D62-25E3-47A0-BB1F-B8DC9814D2D0}.AppStore|iPhoneSimulator.ActiveCfg = Release|Any CPU
		{C9152D62-25E3-47A0-BB1F-B8DC9814D2D0}.AppStore|Mixed Platforms.ActiveCfg = Release|x86
		{C9152D62-25E3-47A0-BB1F-B8DC9814D2D0}.AppStore|Mixed Platforms.Build.0 = Release|x86
		{C9152D62-25E3-47A0-BB1F-B8DC9814D2D0}.AppStore|Mixed Platforms.Deploy.0 = Release|x86
		{C9152D62-25E3-47A0-BB1F-B8DC9814D2D0}.AppStore|x64.ActiveCfg = Release|Any CPU
		{C9152D62-25E3-47A0-BB1F-B8DC9814D2D0}.AppStore|x86.ActiveCfg = Release|x86
		{C9152D62-25E3-47A0-BB1F-B8DC9814D2D0}.AppStore|x86.Build.0 = Release|x86
		{C9152D62-25E3-47A0-BB1F-B8DC9814D2D0}.AppStore|x86.Deploy.0 = Release|x86
		{C9152D62-25E3-47A0-BB1F-B8DC9814D2D0}.Debug|Any CPU.ActiveCfg = Debug|Any CPU
		{C9152D62-25E3-47A0-BB1F-B8DC9814D2D0}.Debug|Any CPU.Build.0 = Debug|Any CPU
		{C9152D62-25E3-47A0-BB1F-B8DC9814D2D0}.Debug|Any CPU.Deploy.0 = Debug|Any CPU
		{C9152D62-25E3-47A0-BB1F-B8DC9814D2D0}.Debug|ARM.ActiveCfg = Debug|ARM
		{C9152D62-25E3-47A0-BB1F-B8DC9814D2D0}.Debug|ARM.Build.0 = Debug|ARM
		{C9152D62-25E3-47A0-BB1F-B8DC9814D2D0}.Debug|ARM.Deploy.0 = Debug|ARM
		{C9152D62-25E3-47A0-BB1F-B8DC9814D2D0}.Debug|iPhone.ActiveCfg = Debug|Any CPU
		{C9152D62-25E3-47A0-BB1F-B8DC9814D2D0}.Debug|iPhoneSimulator.ActiveCfg = Debug|Any CPU
		{C9152D62-25E3-47A0-BB1F-B8DC9814D2D0}.Debug|Mixed Platforms.ActiveCfg = Debug|Any CPU
		{C9152D62-25E3-47A0-BB1F-B8DC9814D2D0}.Debug|Mixed Platforms.Build.0 = Debug|Any CPU
		{C9152D62-25E3-47A0-BB1F-B8DC9814D2D0}.Debug|Mixed Platforms.Deploy.0 = Debug|Any CPU
		{C9152D62-25E3-47A0-BB1F-B8DC9814D2D0}.Debug|x64.ActiveCfg = Debug|Any CPU
		{C9152D62-25E3-47A0-BB1F-B8DC9814D2D0}.Debug|x86.ActiveCfg = Debug|x86
		{C9152D62-25E3-47A0-BB1F-B8DC9814D2D0}.Debug|x86.Build.0 = Debug|x86
		{C9152D62-25E3-47A0-BB1F-B8DC9814D2D0}.Debug|x86.Deploy.0 = Debug|x86
		{C9152D62-25E3-47A0-BB1F-B8DC9814D2D0}.Release|Any CPU.ActiveCfg = Release|Any CPU
		{C9152D62-25E3-47A0-BB1F-B8DC9814D2D0}.Release|Any CPU.Build.0 = Release|Any CPU
		{C9152D62-25E3-47A0-BB1F-B8DC9814D2D0}.Release|Any CPU.Deploy.0 = Release|Any CPU
		{C9152D62-25E3-47A0-BB1F-B8DC9814D2D0}.Release|ARM.ActiveCfg = Release|ARM
		{C9152D62-25E3-47A0-BB1F-B8DC9814D2D0}.Release|ARM.Build.0 = Release|ARM
		{C9152D62-25E3-47A0-BB1F-B8DC9814D2D0}.Release|ARM.Deploy.0 = Release|ARM
		{C9152D62-25E3-47A0-BB1F-B8DC9814D2D0}.Release|iPhone.ActiveCfg = Release|Any CPU
		{C9152D62-25E3-47A0-BB1F-B8DC9814D2D0}.Release|iPhoneSimulator.ActiveCfg = Release|Any CPU
		{C9152D62-25E3-47A0-BB1F-B8DC9814D2D0}.Release|Mixed Platforms.ActiveCfg = Release|x86
		{C9152D62-25E3-47A0-BB1F-B8DC9814D2D0}.Release|Mixed Platforms.Build.0 = Release|x86
		{C9152D62-25E3-47A0-BB1F-B8DC9814D2D0}.Release|Mixed Platforms.Deploy.0 = Release|x86
		{C9152D62-25E3-47A0-BB1F-B8DC9814D2D0}.Release|x64.ActiveCfg = Release|Any CPU
		{C9152D62-25E3-47A0-BB1F-B8DC9814D2D0}.Release|x86.ActiveCfg = Release|x86
		{C9152D62-25E3-47A0-BB1F-B8DC9814D2D0}.Release|x86.Build.0 = Release|x86
		{C9152D62-25E3-47A0-BB1F-B8DC9814D2D0}.Release|x86.Deploy.0 = Release|x86
		{591C73C9-4FCB-40AE-9E91-AD5C92FB96A9}.Ad-Hoc|Any CPU.ActiveCfg = Release|Any CPU
		{591C73C9-4FCB-40AE-9E91-AD5C92FB96A9}.Ad-Hoc|Any CPU.Build.0 = Release|Any CPU
		{591C73C9-4FCB-40AE-9E91-AD5C92FB96A9}.Ad-Hoc|ARM.ActiveCfg = Release|Any CPU
		{591C73C9-4FCB-40AE-9E91-AD5C92FB96A9}.Ad-Hoc|iPhone.ActiveCfg = Release|Any CPU
		{591C73C9-4FCB-40AE-9E91-AD5C92FB96A9}.Ad-Hoc|iPhoneSimulator.ActiveCfg = Release|Any CPU
		{591C73C9-4FCB-40AE-9E91-AD5C92FB96A9}.Ad-Hoc|Mixed Platforms.ActiveCfg = Release|Any CPU
		{591C73C9-4FCB-40AE-9E91-AD5C92FB96A9}.Ad-Hoc|Mixed Platforms.Build.0 = Release|Any CPU
		{591C73C9-4FCB-40AE-9E91-AD5C92FB96A9}.Ad-Hoc|x64.ActiveCfg = Release|Any CPU
		{591C73C9-4FCB-40AE-9E91-AD5C92FB96A9}.Ad-Hoc|x86.ActiveCfg = Release|Any CPU
		{591C73C9-4FCB-40AE-9E91-AD5C92FB96A9}.AppStore|Any CPU.ActiveCfg = Release|Any CPU
		{591C73C9-4FCB-40AE-9E91-AD5C92FB96A9}.AppStore|Any CPU.Build.0 = Release|Any CPU
		{591C73C9-4FCB-40AE-9E91-AD5C92FB96A9}.AppStore|ARM.ActiveCfg = Release|Any CPU
		{591C73C9-4FCB-40AE-9E91-AD5C92FB96A9}.AppStore|iPhone.ActiveCfg = Release|Any CPU
		{591C73C9-4FCB-40AE-9E91-AD5C92FB96A9}.AppStore|iPhoneSimulator.ActiveCfg = Release|Any CPU
		{591C73C9-4FCB-40AE-9E91-AD5C92FB96A9}.AppStore|Mixed Platforms.ActiveCfg = Release|Any CPU
		{591C73C9-4FCB-40AE-9E91-AD5C92FB96A9}.AppStore|Mixed Platforms.Build.0 = Release|Any CPU
		{591C73C9-4FCB-40AE-9E91-AD5C92FB96A9}.AppStore|x64.ActiveCfg = Release|Any CPU
		{591C73C9-4FCB-40AE-9E91-AD5C92FB96A9}.AppStore|x86.ActiveCfg = Release|Any CPU
		{591C73C9-4FCB-40AE-9E91-AD5C92FB96A9}.Debug|Any CPU.ActiveCfg = Debug|Any CPU
		{591C73C9-4FCB-40AE-9E91-AD5C92FB96A9}.Debug|Any CPU.Build.0 = Debug|Any CPU
		{591C73C9-4FCB-40AE-9E91-AD5C92FB96A9}.Debug|ARM.ActiveCfg = Debug|Any CPU
		{591C73C9-4FCB-40AE-9E91-AD5C92FB96A9}.Debug|iPhone.ActiveCfg = Debug|Any CPU
		{591C73C9-4FCB-40AE-9E91-AD5C92FB96A9}.Debug|iPhoneSimulator.ActiveCfg = Debug|Any CPU
		{591C73C9-4FCB-40AE-9E91-AD5C92FB96A9}.Debug|Mixed Platforms.ActiveCfg = Debug|Any CPU
		{591C73C9-4FCB-40AE-9E91-AD5C92FB96A9}.Debug|Mixed Platforms.Build.0 = Debug|Any CPU
		{591C73C9-4FCB-40AE-9E91-AD5C92FB96A9}.Debug|x64.ActiveCfg = Debug|Any CPU
		{591C73C9-4FCB-40AE-9E91-AD5C92FB96A9}.Debug|x86.ActiveCfg = Debug|Any CPU
		{591C73C9-4FCB-40AE-9E91-AD5C92FB96A9}.Release|Any CPU.ActiveCfg = Release|Any CPU
		{591C73C9-4FCB-40AE-9E91-AD5C92FB96A9}.Release|Any CPU.Build.0 = Release|Any CPU
		{591C73C9-4FCB-40AE-9E91-AD5C92FB96A9}.Release|ARM.ActiveCfg = Release|Any CPU
		{591C73C9-4FCB-40AE-9E91-AD5C92FB96A9}.Release|iPhone.ActiveCfg = Release|Any CPU
		{591C73C9-4FCB-40AE-9E91-AD5C92FB96A9}.Release|iPhoneSimulator.ActiveCfg = Release|Any CPU
		{591C73C9-4FCB-40AE-9E91-AD5C92FB96A9}.Release|Mixed Platforms.ActiveCfg = Release|Any CPU
		{591C73C9-4FCB-40AE-9E91-AD5C92FB96A9}.Release|Mixed Platforms.Build.0 = Release|Any CPU
		{591C73C9-4FCB-40AE-9E91-AD5C92FB96A9}.Release|x64.ActiveCfg = Release|Any CPU
		{591C73C9-4FCB-40AE-9E91-AD5C92FB96A9}.Release|x86.ActiveCfg = Release|Any CPU
		{F9EA3A75-9520-4C75-AA0F-AF3A65DF0C62}.Ad-Hoc|Any CPU.ActiveCfg = Release|Any CPU
		{F9EA3A75-9520-4C75-AA0F-AF3A65DF0C62}.Ad-Hoc|Any CPU.Build.0 = Release|Any CPU
		{F9EA3A75-9520-4C75-AA0F-AF3A65DF0C62}.Ad-Hoc|Any CPU.Deploy.0 = Release|Any CPU
		{F9EA3A75-9520-4C75-AA0F-AF3A65DF0C62}.Ad-Hoc|ARM.ActiveCfg = Release|ARM
		{F9EA3A75-9520-4C75-AA0F-AF3A65DF0C62}.Ad-Hoc|ARM.Build.0 = Release|ARM
		{F9EA3A75-9520-4C75-AA0F-AF3A65DF0C62}.Ad-Hoc|ARM.Deploy.0 = Release|ARM
		{F9EA3A75-9520-4C75-AA0F-AF3A65DF0C62}.Ad-Hoc|iPhone.ActiveCfg = Release|Any CPU
		{F9EA3A75-9520-4C75-AA0F-AF3A65DF0C62}.Ad-Hoc|iPhoneSimulator.ActiveCfg = Release|Any CPU
		{F9EA3A75-9520-4C75-AA0F-AF3A65DF0C62}.Ad-Hoc|Mixed Platforms.ActiveCfg = Release|x86
		{F9EA3A75-9520-4C75-AA0F-AF3A65DF0C62}.Ad-Hoc|Mixed Platforms.Build.0 = Release|x86
		{F9EA3A75-9520-4C75-AA0F-AF3A65DF0C62}.Ad-Hoc|Mixed Platforms.Deploy.0 = Release|x86
		{F9EA3A75-9520-4C75-AA0F-AF3A65DF0C62}.Ad-Hoc|x64.ActiveCfg = Release|x64
		{F9EA3A75-9520-4C75-AA0F-AF3A65DF0C62}.Ad-Hoc|x64.Build.0 = Release|x64
		{F9EA3A75-9520-4C75-AA0F-AF3A65DF0C62}.Ad-Hoc|x64.Deploy.0 = Release|x64
		{F9EA3A75-9520-4C75-AA0F-AF3A65DF0C62}.Ad-Hoc|x86.ActiveCfg = Release|x86
		{F9EA3A75-9520-4C75-AA0F-AF3A65DF0C62}.Ad-Hoc|x86.Build.0 = Release|x86
		{F9EA3A75-9520-4C75-AA0F-AF3A65DF0C62}.Ad-Hoc|x86.Deploy.0 = Release|x86
		{F9EA3A75-9520-4C75-AA0F-AF3A65DF0C62}.AppStore|Any CPU.ActiveCfg = Release|Any CPU
		{F9EA3A75-9520-4C75-AA0F-AF3A65DF0C62}.AppStore|Any CPU.Build.0 = Release|Any CPU
		{F9EA3A75-9520-4C75-AA0F-AF3A65DF0C62}.AppStore|Any CPU.Deploy.0 = Release|Any CPU
		{F9EA3A75-9520-4C75-AA0F-AF3A65DF0C62}.AppStore|ARM.ActiveCfg = Release|ARM
		{F9EA3A75-9520-4C75-AA0F-AF3A65DF0C62}.AppStore|ARM.Build.0 = Release|ARM
		{F9EA3A75-9520-4C75-AA0F-AF3A65DF0C62}.AppStore|ARM.Deploy.0 = Release|ARM
		{F9EA3A75-9520-4C75-AA0F-AF3A65DF0C62}.AppStore|iPhone.ActiveCfg = Release|Any CPU
		{F9EA3A75-9520-4C75-AA0F-AF3A65DF0C62}.AppStore|iPhoneSimulator.ActiveCfg = Release|Any CPU
		{F9EA3A75-9520-4C75-AA0F-AF3A65DF0C62}.AppStore|Mixed Platforms.ActiveCfg = Release|x86
		{F9EA3A75-9520-4C75-AA0F-AF3A65DF0C62}.AppStore|Mixed Platforms.Build.0 = Release|x86
		{F9EA3A75-9520-4C75-AA0F-AF3A65DF0C62}.AppStore|Mixed Platforms.Deploy.0 = Release|x86
		{F9EA3A75-9520-4C75-AA0F-AF3A65DF0C62}.AppStore|x64.ActiveCfg = Release|x64
		{F9EA3A75-9520-4C75-AA0F-AF3A65DF0C62}.AppStore|x64.Build.0 = Release|x64
		{F9EA3A75-9520-4C75-AA0F-AF3A65DF0C62}.AppStore|x64.Deploy.0 = Release|x64
		{F9EA3A75-9520-4C75-AA0F-AF3A65DF0C62}.AppStore|x86.ActiveCfg = Release|x86
		{F9EA3A75-9520-4C75-AA0F-AF3A65DF0C62}.AppStore|x86.Build.0 = Release|x86
		{F9EA3A75-9520-4C75-AA0F-AF3A65DF0C62}.AppStore|x86.Deploy.0 = Release|x86
		{F9EA3A75-9520-4C75-AA0F-AF3A65DF0C62}.Debug|Any CPU.ActiveCfg = Debug|Any CPU
		{F9EA3A75-9520-4C75-AA0F-AF3A65DF0C62}.Debug|Any CPU.Build.0 = Debug|Any CPU
		{F9EA3A75-9520-4C75-AA0F-AF3A65DF0C62}.Debug|Any CPU.Deploy.0 = Debug|Any CPU
		{F9EA3A75-9520-4C75-AA0F-AF3A65DF0C62}.Debug|ARM.ActiveCfg = Debug|ARM
		{F9EA3A75-9520-4C75-AA0F-AF3A65DF0C62}.Debug|ARM.Build.0 = Debug|ARM
		{F9EA3A75-9520-4C75-AA0F-AF3A65DF0C62}.Debug|ARM.Deploy.0 = Debug|ARM
		{F9EA3A75-9520-4C75-AA0F-AF3A65DF0C62}.Debug|iPhone.ActiveCfg = Debug|Any CPU
		{F9EA3A75-9520-4C75-AA0F-AF3A65DF0C62}.Debug|iPhoneSimulator.ActiveCfg = Debug|Any CPU
		{F9EA3A75-9520-4C75-AA0F-AF3A65DF0C62}.Debug|Mixed Platforms.ActiveCfg = Debug|x86
		{F9EA3A75-9520-4C75-AA0F-AF3A65DF0C62}.Debug|Mixed Platforms.Build.0 = Debug|x86
		{F9EA3A75-9520-4C75-AA0F-AF3A65DF0C62}.Debug|Mixed Platforms.Deploy.0 = Debug|x86
		{F9EA3A75-9520-4C75-AA0F-AF3A65DF0C62}.Debug|x64.ActiveCfg = Debug|x64
		{F9EA3A75-9520-4C75-AA0F-AF3A65DF0C62}.Debug|x64.Build.0 = Debug|x64
		{F9EA3A75-9520-4C75-AA0F-AF3A65DF0C62}.Debug|x64.Deploy.0 = Debug|x64
		{F9EA3A75-9520-4C75-AA0F-AF3A65DF0C62}.Debug|x86.ActiveCfg = Debug|x86
		{F9EA3A75-9520-4C75-AA0F-AF3A65DF0C62}.Debug|x86.Build.0 = Debug|x86
		{F9EA3A75-9520-4C75-AA0F-AF3A65DF0C62}.Debug|x86.Deploy.0 = Debug|x86
		{F9EA3A75-9520-4C75-AA0F-AF3A65DF0C62}.Release|Any CPU.ActiveCfg = Release|Any CPU
		{F9EA3A75-9520-4C75-AA0F-AF3A65DF0C62}.Release|Any CPU.Build.0 = Release|Any CPU
		{F9EA3A75-9520-4C75-AA0F-AF3A65DF0C62}.Release|Any CPU.Deploy.0 = Release|Any CPU
		{F9EA3A75-9520-4C75-AA0F-AF3A65DF0C62}.Release|ARM.ActiveCfg = Release|ARM
		{F9EA3A75-9520-4C75-AA0F-AF3A65DF0C62}.Release|ARM.Build.0 = Release|ARM
		{F9EA3A75-9520-4C75-AA0F-AF3A65DF0C62}.Release|ARM.Deploy.0 = Release|ARM
		{F9EA3A75-9520-4C75-AA0F-AF3A65DF0C62}.Release|iPhone.ActiveCfg = Release|Any CPU
		{F9EA3A75-9520-4C75-AA0F-AF3A65DF0C62}.Release|iPhoneSimulator.ActiveCfg = Release|Any CPU
		{F9EA3A75-9520-4C75-AA0F-AF3A65DF0C62}.Release|Mixed Platforms.ActiveCfg = Release|x86
		{F9EA3A75-9520-4C75-AA0F-AF3A65DF0C62}.Release|Mixed Platforms.Build.0 = Release|x86
		{F9EA3A75-9520-4C75-AA0F-AF3A65DF0C62}.Release|Mixed Platforms.Deploy.0 = Release|x86
		{F9EA3A75-9520-4C75-AA0F-AF3A65DF0C62}.Release|x64.ActiveCfg = Release|x64
		{F9EA3A75-9520-4C75-AA0F-AF3A65DF0C62}.Release|x64.Build.0 = Release|x64
		{F9EA3A75-9520-4C75-AA0F-AF3A65DF0C62}.Release|x64.Deploy.0 = Release|x64
		{F9EA3A75-9520-4C75-AA0F-AF3A65DF0C62}.Release|x86.ActiveCfg = Release|x86
		{F9EA3A75-9520-4C75-AA0F-AF3A65DF0C62}.Release|x86.Build.0 = Release|x86
		{F9EA3A75-9520-4C75-AA0F-AF3A65DF0C62}.Release|x86.Deploy.0 = Release|x86
	EndGlobalSection
	GlobalSection(SolutionProperties) = preSolution
		HideSolutionNode = FALSE
	EndGlobalSection
	GlobalSection(NestedProjects) = preSolution
		{A2003378-5B5A-43EA-8BCC-B89352B84839} = {DC5B4553-A9BF-4B82-8272-246ED5B3BF9B}
		{3662DDB6-25FE-4C98-B452-6164884980B9} = {DC5B4553-A9BF-4B82-8272-246ED5B3BF9B}
		{C9152D62-25E3-47A0-BB1F-B8DC9814D2D0} = {DC5B4553-A9BF-4B82-8272-246ED5B3BF9B}
		{591C73C9-4FCB-40AE-9E91-AD5C92FB96A9} = {DC5B4553-A9BF-4B82-8272-246ED5B3BF9B}
		{F9EA3A75-9520-4C75-AA0F-AF3A65DF0C62} = {DC5B4553-A9BF-4B82-8272-246ED5B3BF9B}
	EndGlobalSection
EndGlobal
